
Microsoft Visual Studio Solution File, Format Version 12.00
# Visual Studio Version 16
VisualStudioVersion = 16.0.31019.35
MinimumVisualStudioVersion = 10.0.40219.1
Project("{2150E333-8FDC-42A3-9474-1A3956D46DE8}") = "HW-1", "HW-1", "{64CFEF6D-3BAA-448B-B597-A913B33861B5}"
EndProject
Project("{FAE04EC0-301F-11D3-BF4B-00C04F79EFBC}") = "WebApp-task-1", "WebApp-task-1\WebApp-task-1.csproj", "{D437576A-7A0F-4DEA-B164-4487A6B3E27F}"
EndProject
Project("{2150E333-8FDC-42A3-9474-1A3956D46DE8}") = "GameStore", "GameStore", "{C3DFE108-BB9C-43A1-923A-E5CF9F551E9C}"
EndProject
Project("{FAE04EC0-301F-11D3-BF4B-00C04F79EFBC}") = "GameStoreApp", "GameStoreApp\GameStoreApp.csproj", "{77EF332F-3C19-42AB-A5B8-953D018915B5}"
EndProject
Project("{2150E333-8FDC-42A3-9474-1A3956D46DE8}") = "STEP", "STEP", "{3BB79FFC-143C-4D24-9866-7DFC5088DD28}"
EndProject
Project("{2150E333-8FDC-42A3-9474-1A3956D46DE8}") = "DZ-2", "DZ-2", "{6364A007-9BDF-4637-A302-5FF55450A0AC}"
EndProject
Project("{FAE04EC0-301F-11D3-BF4B-00C04F79EFBC}") = "ASP-NET-DZ-2", "ASP-NET-DZ-2\ASP-NET-DZ-2.csproj", "{0D428B73-4B07-410C-ADAC-B50FD15F1EDC}"
EndProject
Project("{2150E333-8FDC-42A3-9474-1A3956D46DE8}") = "DZ-1", "DZ-1", "{1900AAC3-2E74-401F-9C66-2C214AECDB43}"
EndProject
Project("{FAE04EC0-301F-11D3-BF4B-00C04F79EFBC}") = "Task-1", "Task-1\Task-1.csproj", "{02D1E3C7-2124-40F5-BF8C-0D76B1B1EFEB}"
EndProject
Project("{FAE04EC0-301F-11D3-BF4B-00C04F79EFBC}") = "Task-2", "Task-2\Task-2.csproj", "{C000A2FE-3012-4FF6-A2D7-3A30A3A728F9}"
EndProject
Project("{FAE04EC0-301F-11D3-BF4B-00C04F79EFBC}") = "Task-3", "Task-3\Task-3.csproj", "{4982C62D-C076-49D7-A79E-F1B5E35132F4}"
EndProject
Project("{FAE04EC0-301F-11D3-BF4B-00C04F79EFBC}") = "Task-4", "Task-4\Task-4.csproj", "{5CF3534A-01E9-4C47-A250-B07FF2F5F598}"
EndProject
Project("{FAE04EC0-301F-11D3-BF4B-00C04F79EFBC}") = "Task-5", "Task-5\Task-5.csproj", "{23B9FA4E-5D23-42E0-86CA-74C39538181A}"
EndProject
Project("{FAE04EC0-301F-11D3-BF4B-00C04F79EFBC}") = "Task-6", "Task-6\Task-6.csproj", "{3CCDA8DA-5184-40E5-957C-4CAD7390FA59}"
EndProject
Project("{2150E333-8FDC-42A3-9474-1A3956D46DE8}") = "DZ-3", "DZ-3", "{6DB0BA44-1450-414A-8AE1-59B49015A233}"
EndProject
Project("{FAE04EC0-301F-11D3-BF4B-00C04F79EFBC}") = "QuestRoom", "QuestRoom\QuestRoom.csproj", "{ACEEE82E-0750-4CDA-B152-53C76B2600E1}"
EndProject
Project("{2150E333-8FDC-42A3-9474-1A3956D46DE8}") = "Registration", "Registration", "{A038437C-5B32-4FE1-8A08-38F8F0077E77}"
EndProject
Project("{FAE04EC0-301F-11D3-BF4B-00C04F79EFBC}") = "RegistrationWeb", "RegistrationWeb\RegistrationWeb.csproj", "{CCAF85BF-53A8-4E89-838A-774591128656}"
EndProject
Project("{2150E333-8FDC-42A3-9474-1A3956D46DE8}") = "Currency", "Currency", "{B61B53B6-7EB8-4964-8993-99D6B0F29056}"
EndProject
Project("{FAE04EC0-301F-11D3-BF4B-00C04F79EFBC}") = "CurrencyWeb", "CurrencyWeb\CurrencyWeb.csproj", "{12FA7F5C-4C6B-4C98-98CE-6910251992B0}"
EndProject
Global
	GlobalSection(SolutionConfigurationPlatforms) = preSolution
		Debug|Any CPU = Debug|Any CPU
		Release|Any CPU = Release|Any CPU
	EndGlobalSection
	GlobalSection(ProjectConfigurationPlatforms) = postSolution
		{D437576A-7A0F-4DEA-B164-4487A6B3E27F}.Debug|Any CPU.ActiveCfg = Debug|Any CPU
		{D437576A-7A0F-4DEA-B164-4487A6B3E27F}.Debug|Any CPU.Build.0 = Debug|Any CPU
		{D437576A-7A0F-4DEA-B164-4487A6B3E27F}.Release|Any CPU.ActiveCfg = Release|Any CPU
		{D437576A-7A0F-4DEA-B164-4487A6B3E27F}.Release|Any CPU.Build.0 = Release|Any CPU
		{77EF332F-3C19-42AB-A5B8-953D018915B5}.Debug|Any CPU.ActiveCfg = Debug|Any CPU
		{77EF332F-3C19-42AB-A5B8-953D018915B5}.Debug|Any CPU.Build.0 = Debug|Any CPU
		{77EF332F-3C19-42AB-A5B8-953D018915B5}.Release|Any CPU.ActiveCfg = Release|Any CPU
		{77EF332F-3C19-42AB-A5B8-953D018915B5}.Release|Any CPU.Build.0 = Release|Any CPU
		{0D428B73-4B07-410C-ADAC-B50FD15F1EDC}.Debug|Any CPU.ActiveCfg = Debug|Any CPU
		{0D428B73-4B07-410C-ADAC-B50FD15F1EDC}.Debug|Any CPU.Build.0 = Debug|Any CPU
		{0D428B73-4B07-410C-ADAC-B50FD15F1EDC}.Release|Any CPU.ActiveCfg = Release|Any CPU
		{0D428B73-4B07-410C-ADAC-B50FD15F1EDC}.Release|Any CPU.Build.0 = Release|Any CPU
		{02D1E3C7-2124-40F5-BF8C-0D76B1B1EFEB}.Debug|Any CPU.ActiveCfg = Debug|Any CPU
		{02D1E3C7-2124-40F5-BF8C-0D76B1B1EFEB}.Debug|Any CPU.Build.0 = Debug|Any CPU
		{02D1E3C7-2124-40F5-BF8C-0D76B1B1EFEB}.Release|Any CPU.ActiveCfg = Release|Any CPU
		{02D1E3C7-2124-40F5-BF8C-0D76B1B1EFEB}.Release|Any CPU.Build.0 = Release|Any CPU
		{C000A2FE-3012-4FF6-A2D7-3A30A3A728F9}.Debug|Any CPU.ActiveCfg = Debug|Any CPU
		{C000A2FE-3012-4FF6-A2D7-3A30A3A728F9}.Debug|Any CPU.Build.0 = Debug|Any CPU
		{C000A2FE-3012-4FF6-A2D7-3A30A3A728F9}.Release|Any CPU.ActiveCfg = Release|Any CPU
		{C000A2FE-3012-4FF6-A2D7-3A30A3A728F9}.Release|Any CPU.Build.0 = Release|Any CPU
		{4982C62D-C076-49D7-A79E-F1B5E35132F4}.Debug|Any CPU.ActiveCfg = Debug|Any CPU
		{4982C62D-C076-49D7-A79E-F1B5E35132F4}.Debug|Any CPU.Build.0 = Debug|Any CPU
		{4982C62D-C076-49D7-A79E-F1B5E35132F4}.Release|Any CPU.ActiveCfg = Release|Any CPU
		{4982C62D-C076-49D7-A79E-F1B5E35132F4}.Release|Any CPU.Build.0 = Release|Any CPU
		{5CF3534A-01E9-4C47-A250-B07FF2F5F598}.Debug|Any CPU.ActiveCfg = Debug|Any CPU
		{5CF3534A-01E9-4C47-A250-B07FF2F5F598}.Debug|Any CPU.Build.0 = Debug|Any CPU
		{5CF3534A-01E9-4C47-A250-B07FF2F5F598}.Release|Any CPU.ActiveCfg = Release|Any CPU
		{5CF3534A-01E9-4C47-A250-B07FF2F5F598}.Release|Any CPU.Build.0 = Release|Any CPU
		{23B9FA4E-5D23-42E0-86CA-74C39538181A}.Debug|Any CPU.ActiveCfg = Debug|Any CPU
		{23B9FA4E-5D23-42E0-86CA-74C39538181A}.Debug|Any CPU.Build.0 = Debug|Any CPU
		{23B9FA4E-5D23-42E0-86CA-74C39538181A}.Release|Any CPU.ActiveCfg = Release|Any CPU
		{23B9FA4E-5D23-42E0-86CA-74C39538181A}.Release|Any CPU.Build.0 = Release|Any CPU
		{3CCDA8DA-5184-40E5-957C-4CAD7390FA59}.Debug|Any CPU.ActiveCfg = Debug|Any CPU
		{3CCDA8DA-5184-40E5-957C-4CAD7390FA59}.Debug|Any CPU.Build.0 = Debug|Any CPU
		{3CCDA8DA-5184-40E5-957C-4CAD7390FA59}.Release|Any CPU.ActiveCfg = Release|Any CPU
		{3CCDA8DA-5184-40E5-957C-4CAD7390FA59}.Release|Any CPU.Build.0 = Release|Any CPU
		{ACEEE82E-0750-4CDA-B152-53C76B2600E1}.Debug|Any CPU.ActiveCfg = Debug|Any CPU
		{ACEEE82E-0750-4CDA-B152-53C76B2600E1}.Debug|Any CPU.Build.0 = Debug|Any CPU
		{ACEEE82E-0750-4CDA-B152-53C76B2600E1}.Release|Any CPU.ActiveCfg = Release|Any CPU
		{ACEEE82E-0750-4CDA-B152-53C76B2600E1}.Release|Any CPU.Build.0 = Release|Any CPU
		{CCAF85BF-53A8-4E89-838A-774591128656}.Debug|Any CPU.ActiveCfg = Debug|Any CPU
		{CCAF85BF-53A8-4E89-838A-774591128656}.Debug|Any CPU.Build.0 = Debug|Any CPU
		{CCAF85BF-53A8-4E89-838A-774591128656}.Release|Any CPU.ActiveCfg = Release|Any CPU
		{CCAF85BF-53A8-4E89-838A-774591128656}.Release|Any CPU.Build.0 = Release|Any CPU
		{12FA7F5C-4C6B-4C98-98CE-6910251992B0}.Debug|Any CPU.ActiveCfg = Debug|Any CPU
		{12FA7F5C-4C6B-4C98-98CE-6910251992B0}.Debug|Any CPU.Build.0 = Debug|Any CPU
		{12FA7F5C-4C6B-4C98-98CE-6910251992B0}.Release|Any CPU.ActiveCfg = Release|Any CPU
		{12FA7F5C-4C6B-4C98-98CE-6910251992B0}.Release|Any CPU.Build.0 = Release|Any CPU
	EndGlobalSection
	GlobalSection(SolutionProperties) = preSolution
		HideSolutionNode = FALSE
	EndGlobalSection
	GlobalSection(NestedProjects) = preSolution
		{D437576A-7A0F-4DEA-B164-4487A6B3E27F} = {64CFEF6D-3BAA-448B-B597-A913B33861B5}
		{77EF332F-3C19-42AB-A5B8-953D018915B5} = {C3DFE108-BB9C-43A1-923A-E5CF9F551E9C}
		{6364A007-9BDF-4637-A302-5FF55450A0AC} = {3BB79FFC-143C-4D24-9866-7DFC5088DD28}
		{0D428B73-4B07-410C-ADAC-B50FD15F1EDC} = {6364A007-9BDF-4637-A302-5FF55450A0AC}
		{1900AAC3-2E74-401F-9C66-2C214AECDB43} = {3BB79FFC-143C-4D24-9866-7DFC5088DD28}
		{02D1E3C7-2124-40F5-BF8C-0D76B1B1EFEB} = {1900AAC3-2E74-401F-9C66-2C214AECDB43}
		{C000A2FE-3012-4FF6-A2D7-3A30A3A728F9} = {1900AAC3-2E74-401F-9C66-2C214AECDB43}
		{4982C62D-C076-49D7-A79E-F1B5E35132F4} = {1900AAC3-2E74-401F-9C66-2C214AECDB43}
		{5CF3534A-01E9-4C47-A250-B07FF2F5F598} = {1900AAC3-2E74-401F-9C66-2C214AECDB43}
		{23B9FA4E-5D23-42E0-86CA-74C39538181A} = {1900AAC3-2E74-401F-9C66-2C214AECDB43}
		{3CCDA8DA-5184-40E5-957C-4CAD7390FA59} = {1900AAC3-2E74-401F-9C66-2C214AECDB43}
		{6DB0BA44-1450-414A-8AE1-59B49015A233} = {3BB79FFC-143C-4D24-9866-7DFC5088DD28}
		{ACEEE82E-0750-4CDA-B152-53C76B2600E1} = {6DB0BA44-1450-414A-8AE1-59B49015A233}
		{CCAF85BF-53A8-4E89-838A-774591128656} = {A038437C-5B32-4FE1-8A08-38F8F0077E77}
		{12FA7F5C-4C6B-4C98-98CE-6910251992B0} = {B61B53B6-7EB8-4964-8993-99D6B0F29056}
	EndGlobalSection
	GlobalSection(ExtensibilityGlobals) = postSolution
		SolutionGuid = {C0A5D89F-A73B-4C05-A0F4-D5EA1B3755BC}
	EndGlobalSection
EndGlobal
