
Microsoft Visual Studio Solution File, Format Version 12.00
# Visual Studio Version 16
VisualStudioVersion = 16.0.31019.35
MinimumVisualStudioVersion = 10.0.40219.1
Project("{2150E333-8FDC-42A3-9474-1A3956D46DE8}") = "HW-1", "HW-1", "{64CFEF6D-3BAA-448B-B597-A913B33861B5}"
EndProject
Project("{FAE04EC0-301F-11D3-BF4B-00C04F79EFBC}") = "WebApp-task-1", "WebApp-task-1\WebApp-task-1.csproj", "{D437576A-7A0F-4DEA-B164-4487A6B3E27F}"
EndProject
Project("{2150E333-8FDC-42A3-9474-1A3956D46DE8}") = "GameStore", "GameStore", "{C3DFE108-BB9C-43A1-923A-E5CF9F551E9C}"
EndProject
Project("{FAE04EC0-301F-11D3-BF4B-00C04F79EFBC}") = "GameStoreApp", "GameStoreApp\GameStoreApp.csproj", "{77EF332F-3C19-42AB-A5B8-953D018915B5}"
EndProject
Project("{2150E333-8FDC-42A3-9474-1A3956D46DE8}") = "STEP", "STEP", "{3BB79FFC-143C-4D24-9866-7DFC5088DD28}"
EndProject
Project("{2150E333-8FDC-42A3-9474-1A3956D46DE8}") = "DZ-2", "DZ-2", "{6364A007-9BDF-4637-A302-5FF55450A0AC}"
EndProject
Project("{FAE04EC0-301F-11D3-BF4B-00C04F79EFBC}") = "ASP-NET-DZ-2", "ASP-NET-DZ-2\ASP-NET-DZ-2.csproj", "{0D428B73-4B07-410C-ADAC-B50FD15F1EDC}"
EndProject
Global
	GlobalSection(SolutionConfigurationPlatforms) = preSolution
		Debug|Any CPU = Debug|Any CPU
		Release|Any CPU = Release|Any CPU
	EndGlobalSection
	GlobalSection(ProjectConfigurationPlatforms) = postSolution
		{D437576A-7A0F-4DEA-B164-4487A6B3E27F}.Debug|Any CPU.ActiveCfg = Debug|Any CPU
		{D437576A-7A0F-4DEA-B164-4487A6B3E27F}.Debug|Any CPU.Build.0 = Debug|Any CPU
		{D437576A-7A0F-4DEA-B164-4487A6B3E27F}.Release|Any CPU.ActiveCfg = Release|Any CPU
		{D437576A-7A0F-4DEA-B164-4487A6B3E27F}.Release|Any CPU.Build.0 = Release|Any CPU
		{77EF332F-3C19-42AB-A5B8-953D018915B5}.Debug|Any CPU.ActiveCfg = Debug|Any CPU
		{77EF332F-3C19-42AB-A5B8-953D018915B5}.Debug|Any CPU.Build.0 = Debug|Any CPU
		{77EF332F-3C19-42AB-A5B8-953D018915B5}.Release|Any CPU.ActiveCfg = Release|Any CPU
		{77EF332F-3C19-42AB-A5B8-953D018915B5}.Release|Any CPU.Build.0 = Release|Any CPU
		{0D428B73-4B07-410C-ADAC-B50FD15F1EDC}.Debug|Any CPU.ActiveCfg = Debug|Any CPU
		{0D428B73-4B07-410C-ADAC-B50FD15F1EDC}.Debug|Any CPU.Build.0 = Debug|Any CPU
		{0D428B73-4B07-410C-ADAC-B50FD15F1EDC}.Release|Any CPU.ActiveCfg = Release|Any CPU
		{0D428B73-4B07-410C-ADAC-B50FD15F1EDC}.Release|Any CPU.Build.0 = Release|Any CPU
	EndGlobalSection
	GlobalSection(SolutionProperties) = preSolution
		HideSolutionNode = FALSE
	EndGlobalSection
	GlobalSection(NestedProjects) = preSolution
		{D437576A-7A0F-4DEA-B164-4487A6B3E27F} = {64CFEF6D-3BAA-448B-B597-A913B33861B5}
		{77EF332F-3C19-42AB-A5B8-953D018915B5} = {C3DFE108-BB9C-43A1-923A-E5CF9F551E9C}
		{6364A007-9BDF-4637-A302-5FF55450A0AC} = {3BB79FFC-143C-4D24-9866-7DFC5088DD28}
		{0D428B73-4B07-410C-ADAC-B50FD15F1EDC} = {6364A007-9BDF-4637-A302-5FF55450A0AC}
	EndGlobalSection
	GlobalSection(ExtensibilityGlobals) = postSolution
		SolutionGuid = {C0A5D89F-A73B-4C05-A0F4-D5EA1B3755BC}
	EndGlobalSection
EndGlobal
